// !$*UTF8*$!
{
	archiveVersion = 1;
	classes = {
	};
	objectVersion = 77;
	objects = {

/* Begin PBXContainerItemProxy section */
		115331DA2DD1FED800FDB13A /* PBXContainerItemProxy */ = {
			isa = PBXContainerItemProxy;
			containerPortal = 115331C42DD1FED400FDB13A /* Project object */;
			proxyType = 1;
			remoteGlobalIDString = 115331CB2DD1FED400FDB13A;
			remoteInfo = pocketWords;
		};
		115331E42DD1FED800FDB13A /* PBXContainerItemProxy */ = {
			isa = PBXContainerItemProxy;
			containerPortal = 115331C42DD1FED400FDB13A /* Project object */;
			proxyType = 1;
			remoteGlobalIDString = 115331CB2DD1FED400FDB13A;
			remoteInfo = pocketWords;
		};
/* End PBXContainerItemProxy section */

/* Begin PBXFileReference section */
		115331CC2DD1FED400FDB13A /* pocketWords.app */ = {isa = PBXFileReference; explicitFileType = wrapper.application; includeInIndex = 0; path = pocketWords.app; sourceTree = BUILT_PRODUCTS_DIR; };
		115331D92DD1FED800FDB13A /* pocketWordsTests.xctest */ = {isa = PBXFileReference; explicitFileType = wrapper.cfbundle; includeInIndex = 0; path = pocketWordsTests.xctest; sourceTree = BUILT_PRODUCTS_DIR; };
		115331E32DD1FED800FDB13A /* pocketWordsUITests.xctest */ = {isa = PBXFileReference; explicitFileType = wrapper.cfbundle; includeInIndex = 0; path = pocketWordsUITests.xctest; sourceTree = BUILT_PRODUCTS_DIR; };
/* End PBXFileReference section */

/* Begin PBXFileSystemSynchronizedRootGroup section */
		115331CE2DD1FED400FDB13A /* pocketWords */ = {
			isa = PBXFileSystemSynchronizedRootGroup;
			path = pocketWords;
			sourceTree = "<group>";
		};
		115331DC2DD1FED800FDB13A /* pocketWordsTests */ = {
			isa = PBXFileSystemSynchronizedRootGroup;
			path = pocketWordsTests;
			sourceTree = "<group>";
		};
		115331E62DD1FED800FDB13A /* pocketWordsUITests */ = {
			isa = PBXFileSystemSynchronizedRootGroup;
			path = pocketWordsUITests;
			sourceTree = "<group>";
		};
/* End PBXFileSystemSynchronizedRootGroup section */

/* Begin PBXFrameworksBuildPhase section */
		115331C92DD1FED400FDB13A /* Frameworks */ = {
			isa = PBXFrameworksBuildPhase;
			buildActionMask = 2147483647;
			files = (
			);
			runOnlyForDeploymentPostprocessing = 0;
		};
		115331D62DD1FED800FDB13A /* Frameworks */ = {
			isa = PBXFrameworksBuildPhase;
			buildActionMask = 2147483647;
			files = (
			);
			runOnlyForDeploymentPostprocessing = 0;
		};
		115331E02DD1FED800FDB13A /* Frameworks */ = {
			isa = PBXFrameworksBuildPhase;
			buildActionMask = 2147483647;
			files = (
			);
			runOnlyForDeploymentPostprocessing = 0;
		};
/* End PBXFrameworksBuildPhase section */

/* Begin PBXGroup section */
		115331C32DD1FED400FDB13A = {
			isa = PBXGroup;
			children = (
				115331CE2DD1FED400FDB13A /* pocketWords */,
				115331DC2DD1FED800FDB13A /* pocketWordsTests */,
				115331E62DD1FED800FDB13A /* pocketWordsUITests */,
				115331CD2DD1FED400FDB13A /* Products */,
			);
			sourceTree = "<group>";
		};
		115331CD2DD1FED400FDB13A /* Products */ = {
			isa = PBXGroup;
			children = (
				115331CC2DD1FED400FDB13A /* pocketWords.app */,
				115331D92DD1FED800FDB13A /* pocketWordsTests.xctest */,
				115331E32DD1FED800FDB13A /* pocketWordsUITests.xctest */,
			);
			name = Products;
			sourceTree = "<group>";
		};
/* End PBXGroup section */

/* Begin PBXNativeTarget section */
		115331CB2DD1FED400FDB13A /* pocketWords */ = {
			isa = PBXNativeTarget;
			buildConfigurationList = 115331ED2DD1FED800FDB13A /* Build configuration list for PBXNativeTarget "pocketWords" */;
			buildPhases = (
				115331C82DD1FED400FDB13A /* Sources */,
				115331C92DD1FED400FDB13A /* Frameworks */,
				115331CA2DD1FED400FDB13A /* Resources */,
			);
			buildRules = (
			);
			dependencies = (
			);
			fileSystemSynchronizedGroups = (
				115331CE2DD1FED400FDB13A /* pocketWords */,
			);
			name = pocketWords;
			packageProductDependencies = (
			);
			productName = pocketWords;
			productReference = 115331CC2DD1FED400FDB13A /* pocketWords.app */;
			productType = "com.apple.product-type.application";
		};
		115331D82DD1FED800FDB13A /* pocketWordsTests */ = {
			isa = PBXNativeTarget;
			buildConfigurationList = 115331F02DD1FED800FDB13A /* Build configuration list for PBXNativeTarget "pocketWordsTests" */;
			buildPhases = (
				115331D52DD1FED800FDB13A /* Sources */,
				115331D62DD1FED800FDB13A /* Frameworks */,
				115331D72DD1FED800FDB13A /* Resources */,
			);
			buildRules = (
			);
			dependencies = (
				115331DB2DD1FED800FDB13A /* PBXTargetDependency */,
			);
			fileSystemSynchronizedGroups = (
				115331DC2DD1FED800FDB13A /* pocketWordsTests */,
			);
			name = pocketWordsTests;
			packageProductDependencies = (
			);
			productName = pocketWordsTests;
			productReference = 115331D92DD1FED800FDB13A /* pocketWordsTests.xctest */;
			productType = "com.apple.product-type.bundle.unit-test";
		};
		115331E22DD1FED800FDB13A /* pocketWordsUITests */ = {
			isa = PBXNativeTarget;
			buildConfigurationList = 115331F32DD1FED800FDB13A /* Build configuration list for PBXNativeTarget "pocketWordsUITests" */;
			buildPhases = (
				115331DF2DD1FED800FDB13A /* Sources */,
				115331E02DD1FED800FDB13A /* Frameworks */,
				115331E12DD1FED800FDB13A /* Resources */,
			);
			buildRules = (
			);
			dependencies = (
				115331E52DD1FED800FDB13A /* PBXTargetDependency */,
			);
			fileSystemSynchronizedGroups = (
				115331E62DD1FED800FDB13A /* pocketWordsUITests */,
			);
			name = pocketWordsUITests;
			packageProductDependencies = (
			);
			productName = pocketWordsUITests;
			productReference = 115331E32DD1FED800FDB13A /* pocketWordsUITests.xctest */;
			productType = "com.apple.product-type.bundle.ui-testing";
		};
/* End PBXNativeTarget section */

/* Begin PBXProject section */
		115331C42DD1FED400FDB13A /* Project object */ = {
			isa = PBXProject;
			attributes = {
				BuildIndependentTargetsInParallel = 1;
				LastSwiftUpdateCheck = 1630;
				LastUpgradeCheck = 1630;
				TargetAttributes = {
					115331CB2DD1FED400FDB13A = {
						CreatedOnToolsVersion = 16.3;
					};
					115331D82DD1FED800FDB13A = {
						CreatedOnToolsVersion = 16.3;
						TestTargetID = 115331CB2DD1FED400FDB13A;
					};
					115331E22DD1FED800FDB13A = {
						CreatedOnToolsVersion = 16.3;
						TestTargetID = 115331CB2DD1FED400FDB13A;
					};
				};
			};
			buildConfigurationList = 115331C72DD1FED400FDB13A /* Build configuration list for PBXProject "pocketWords" */;
			developmentRegion = en;
			hasScannedForEncodings = 0;
			knownRegions = (
				en,
				Base,
			);
			mainGroup = 115331C32DD1FED400FDB13A;
			minimizedProjectReferenceProxies = 1;
			preferredProjectObjectVersion = 77;
			productRefGroup = 115331CD2DD1FED400FDB13A /* Products */;
			projectDirPath = "";
			projectRoot = "";
			targets = (
				115331CB2DD1FED400FDB13A /* pocketWords */,
				115331D82DD1FED800FDB13A /* pocketWordsTests */,
				115331E22DD1FED800FDB13A /* pocketWordsUITests */,
			);
		};
/* End PBXProject section */

/* Begin PBXResourcesBuildPhase section */
		115331CA2DD1FED400FDB13A /* Resources */ = {
			isa = PBXResourcesBuildPhase;
			buildActionMask = 2147483647;
			files = (
			);
			runOnlyForDeploymentPostprocessing = 0;
		};
		115331D72DD1FED800FDB13A /* Resources */ = {
			isa = PBXResourcesBuildPhase;
			buildActionMask = 2147483647;
			files = (
			);
			runOnlyForDeploymentPostprocessing = 0;
		};
		115331E12DD1FED800FDB13A /* Resources */ = {
			isa = PBXResourcesBuildPhase;
			buildActionMask = 2147483647;
			files = (
			);
			runOnlyForDeploymentPostprocessing = 0;
		};
/* End PBXResourcesBuildPhase section */

/* Begin PBXSourcesBuildPhase section */
		115331C82DD1FED400FDB13A /* Sources */ = {
			isa = PBXSourcesBuildPhase;
			buildActionMask = 2147483647;
			files = (
			);
			runOnlyForDeploymentPostprocessing = 0;
		};
		115331D52DD1FED800FDB13A /* Sources */ = {
			isa = PBXSourcesBuildPhase;
			buildActionMask = 2147483647;
			files = (
			);
			runOnlyForDeploymentPostprocessing = 0;
		};
		115331DF2DD1FED800FDB13A /* Sources */ = {
			isa = PBXSourcesBuildPhase;
			buildActionMask = 2147483647;
			files = (
			);
			runOnlyForDeploymentPostprocessing = 0;
		};
/* End PBXSourcesBuildPhase section */

/* Begin PBXTargetDependency section */
		115331DB2DD1FED800FDB13A /* PBXTargetDependency */ = {
			isa = PBXTargetDependency;
			target = 115331CB2DD1FED400FDB13A /* pocketWords */;
			targetProxy = 115331DA2DD1FED800FDB13A /* PBXContainerItemProxy */;
		};
		115331E52DD1FED800FDB13A /* PBXTargetDependency */ = {
			isa = PBXTargetDependency;
			target = 115331CB2DD1FED400FDB13A /* pocketWords */;
			targetProxy = 115331E42DD1FED800FDB13A /* PBXContainerItemProxy */;
		};
/* End PBXTargetDependency section */

/* Begin XCBuildConfiguration section */
		115331EB2DD1FED800FDB13A /* Debug */ = {
			isa = XCBuildConfiguration;
			buildSettings = {
				ALWAYS_SEARCH_USER_PATHS = NO;
				ASSETCATALOG_COMPILER_GENERATE_SWIFT_ASSET_SYMBOL_EXTENSIONS = YES;
				CLANG_ANALYZER_NONNULL = YES;
				CLANG_ANALYZER_NUMBER_OBJECT_CONVERSION = YES_AGGRESSIVE;
				CLANG_CXX_LANGUAGE_STANDARD = "gnu++20";
				CLANG_ENABLE_MODULES = YES;
				CLANG_ENABLE_OBJC_ARC = YES;
				CLANG_ENABLE_OBJC_WEAK = YES;
				CLANG_WARN_BLOCK_CAPTURE_AUTORELEASING = YES;
				CLANG_WARN_BOOL_CONVERSION = YES;
				CLANG_WARN_COMMA = YES;
				CLANG_WARN_CONSTANT_CONVERSION = YES;
				CLANG_WARN_DEPRECATED_OBJC_IMPLEMENTATIONS = YES;
				CLANG_WARN_DIRECT_OBJC_ISA_USAGE = YES_ERROR;
				CLANG_WARN_DOCUMENTATION_COMMENTS = YES;
				CLANG_WARN_EMPTY_BODY = YES;
				CLANG_WARN_ENUM_CONVERSION = YES;
				CLANG_WARN_INFINITE_RECURSION = YES;
				CLANG_WARN_INT_CONVERSION = YES;
				CLANG_WARN_NON_LITERAL_NULL_CONVERSION = YES;
				CLANG_WARN_OBJC_IMPLICIT_RETAIN_SELF = YES;
				CLANG_WARN_OBJC_LITERAL_CONVERSION = YES;
				CLANG_WARN_OBJC_ROOT_CLASS = YES_ERROR;
				CLANG_WARN_QUOTED_INCLUDE_IN_FRAMEWORK_HEADER = YES;
				CLANG_WARN_RANGE_LOOP_ANALYSIS = YES;
				CLANG_WARN_STRICT_PROTOTYPES = YES;
				CLANG_WARN_SUSPICIOUS_MOVE = YES;
				CLANG_WARN_UNGUARDED_AVAILABILITY = YES_AGGRESSIVE;
				CLANG_WARN_UNREACHABLE_CODE = YES;
				CLANG_WARN__DUPLICATE_METHOD_MATCH = YES;
				COPY_PHASE_STRIP = NO;
				DEBUG_INFORMATION_FORMAT = dwarf;
				DEVELOPMENT_TEAM = JRPD8T9PB7;
				ENABLE_STRICT_OBJC_MSGSEND = YES;
				ENABLE_TESTABILITY = YES;
				ENABLE_USER_SCRIPT_SANDBOXING = YES;
				GCC_C_LANGUAGE_STANDARD = gnu17;
				GCC_DYNAMIC_NO_PIC = NO;
				GCC_NO_COMMON_BLOCKS = YES;
				GCC_OPTIMIZATION_LEVEL = 0;
				GCC_PREPROCESSOR_DEFINITIONS = (
					"DEBUG=1",
					"$(inherited)",
				);
				GCC_WARN_64_TO_32_BIT_CONVERSION = YES;
				GCC_WARN_ABOUT_RETURN_TYPE = YES_ERROR;
				GCC_WARN_UNDECLARED_SELECTOR = YES;
				GCC_WARN_UNINITIALIZED_AUTOS = YES_AGGRESSIVE;
				GCC_WARN_UNUSED_FUNCTION = YES;
				GCC_WARN_UNUSED_VARIABLE = YES;
				IPHONEOS_DEPLOYMENT_TARGET = 18.4;
				LOCALIZATION_PREFERS_STRING_CATALOGS = YES;
				MTL_ENABLE_DEBUG_INFO = INCLUDE_SOURCE;
				MTL_FAST_MATH = YES;
				ONLY_ACTIVE_ARCH = YES;
				SDKROOT = iphoneos;
				SWIFT_ACTIVE_COMPILATION_CONDITIONS = "DEBUG $(inherited)";
				SWIFT_OPTIMIZATION_LEVEL = "-Onone";
			};
			name = Debug;
		};
		115331EC2DD1FED800FDB13A /* Release */ = {
			isa = XCBuildConfiguration;
			buildSettings = {
				ALWAYS_SEARCH_USER_PATHS = NO;
				ASSETCATALOG_COMPILER_GENERATE_SWIFT_ASSET_SYMBOL_EXTENSIONS = YES;
				CLANG_ANALYZER_NONNULL = YES;
				CLANG_ANALYZER_NUMBER_OBJECT_CONVERSION = YES_AGGRESSIVE;
				CLANG_CXX_LANGUAGE_STANDARD = "gnu++20";
				CLANG_ENABLE_MODULES = YES;
				CLANG_ENABLE_OBJC_ARC = YES;
				CLANG_ENABLE_OBJC_WEAK = YES;
				CLANG_WARN_BLOCK_CAPTURE_AUTORELEASING = YES;
				CLANG_WARN_BOOL_CONVERSION = YES;
				CLANG_WARN_COMMA = YES;
				CLANG_WARN_CONSTANT_CONVERSION = YES;
				CLANG_WARN_DEPRECATED_OBJC_IMPLEMENTATIONS = YES;
				CLANG_WARN_DIRECT_OBJC_ISA_USAGE = YES_ERROR;
				CLANG_WARN_DOCUMENTATION_COMMENTS = YES;
				CLANG_WARN_EMPTY_BODY = YES;
				CLANG_WARN_ENUM_CONVERSION = YES;
				CLANG_WARN_INFINITE_RECURSION = YES;
				CLANG_WARN_INT_CONVERSION = YES;
				CLANG_WARN_NON_LITERAL_NULL_CONVERSION = YES;
				CLANG_WARN_OBJC_IMPLICIT_RETAIN_SELF = YES;
				CLANG_WARN_OBJC_LITERAL_CONVERSION = YES;
				CLANG_WARN_OBJC_ROOT_CLASS = YES_ERROR;
				CLANG_WARN_QUOTED_INCLUDE_IN_FRAMEWORK_HEADER = YES;
				CLANG_WARN_RANGE_LOOP_ANALYSIS = YES;
				CLANG_WARN_STRICT_PROTOTYPES = YES;
				CLANG_WARN_SUSPICIOUS_MOVE = YES;
				CLANG_WARN_UNGUARDED_AVAILABILITY = YES_AGGRESSIVE;
				CLANG_WARN_UNREACHABLE_CODE = YES;
				CLANG_WARN__DUPLICATE_METHOD_MATCH = YES;
				COPY_PHASE_STRIP = NO;
				DEBUG_INFORMATION_FORMAT = "dwarf-with-dsym";
				DEVELOPMENT_TEAM = JRPD8T9PB7;
				ENABLE_NS_ASSERTIONS = NO;
				ENABLE_STRICT_OBJC_MSGSEND = YES;
				ENABLE_USER_SCRIPT_SANDBOXING = YES;
				GCC_C_LANGUAGE_STANDARD = gnu17;
				GCC_NO_COMMON_BLOCKS = YES;
				GCC_WARN_64_TO_32_BIT_CONVERSION = YES;
				GCC_WARN_ABOUT_RETURN_TYPE = YES_ERROR;
				GCC_WARN_UNDECLARED_SELECTOR = YES;
				GCC_WARN_UNINITIALIZED_AUTOS = YES_AGGRESSIVE;
				GCC_WARN_UNUSED_FUNCTION = YES;
				GCC_WARN_UNUSED_VARIABLE = YES;
				IPHONEOS_DEPLOYMENT_TARGET = 18.4;
				LOCALIZATION_PREFERS_STRING_CATALOGS = YES;
				MTL_ENABLE_DEBUG_INFO = NO;
				MTL_FAST_MATH = YES;
				SDKROOT = iphoneos;
				SWIFT_COMPILATION_MODE = wholemodule;
				VALIDATE_PRODUCT = YES;
			};
			name = Release;
		};
		115331EE2DD1FED800FDB13A /* Debug */ = {
			isa = XCBuildConfiguration;
			buildSettings = {
				ASSETCATALOG_COMPILER_APPICON_NAME = AppIcon;
				ASSETCATALOG_COMPILER_GLOBAL_ACCENT_COLOR_NAME = AccentColor;
				CODE_SIGN_STYLE = Automatic;
				CURRENT_PROJECT_VERSION = 1;
				DEVELOPMENT_TEAM = JRPD8T9PB7;
				ENABLE_PREVIEWS = YES;
				GENERATE_INFOPLIST_FILE = YES;
				INFOPLIST_KEY_UIApplicationSceneManifest_Generation = YES;
				INFOPLIST_KEY_UIApplicationSupportsIndirectInputEvents = YES;
				INFOPLIST_KEY_UILaunchScreen_Generation = YES;
				INFOPLIST_KEY_UISupportedInterfaceOrientations_iPad = "UIInterfaceOrientationPortrait UIInterfaceOrientationPortraitUpsideDown UIInterfaceOrientationLandscapeLeft UIInterfaceOrientationLandscapeRight";
				INFOPLIST_KEY_UISupportedInterfaceOrientations_iPhone = "UIInterfaceOrientationPortrait UIInterfaceOrientationLandscapeLeft UIInterfaceOrientationLandscapeRight";
				IPHONEOS_DEPLOYMENT_TARGET = 18.0;
				LD_RUNPATH_SEARCH_PATHS = (
					"$(inherited)",
					"@executable_path/Frameworks",
				);
				MARKETING_VERSION = 1.0;
				PRODUCT_BUNDLE_IDENTIFIER = me.me.pocketWords;
				PRODUCT_NAME = "$(TARGET_NAME)";
				SWIFT_EMIT_LOC_STRINGS = YES;
				SWIFT_VERSION = 5.0;
				TARGETED_DEVICE_FAMILY = "1,2";
			};
			name = Debug;
		};
		115331EF2DD1FED800FDB13A /* Release */ = {
			isa = XCBuildConfiguration;
			buildSettings = {
				ASSETCATALOG_COMPILER_APPICON_NAME = AppIcon;
				ASSETCATALOG_COMPILER_GLOBAL_ACCENT_COLOR_NAME = AccentColor;
				CODE_SIGN_STYLE = Automatic;
				CURRENT_PROJECT_VERSION = 1;
				DEVELOPMENT_TEAM = JRPD8T9PB7;
				ENABLE_PREVIEWS = YES;
				GENERATE_INFOPLIST_FILE = YES;
				INFOPLIST_KEY_UIApplicationSceneManifest_Generation = YES;
				INFOPLIST_KEY_UIApplicationSupportsIndirectInputEvents = YES;
				INFOPLIST_KEY_UILaunchScreen_Generation = YES;
				INFOPLIST_KEY_UISupportedInterfaceOrientations_iPad = "UIInterfaceOrientationPortrait UIInterfaceOrientationPortraitUpsideDown UIInterfaceOrientationLandscapeLeft UIInterfaceOrientationLandscapeRight";
				INFOPLIST_KEY_UISupportedInterfaceOrientations_iPhone = "UIInterfaceOrientationPortrait UIInterfaceOrientationLandscapeLeft UIInterfaceOrientationLandscapeRight";
				IPHONEOS_DEPLOYMENT_TARGET = 18.0;
				LD_RUNPATH_SEARCH_PATHS = (
					"$(inherited)",
					"@executable_path/Frameworks",
				);
				MARKETING_VERSION = 1.0;
				PRODUCT_BUNDLE_IDENTIFIER = me.me.pocketWords;
				PRODUCT_NAME = "$(TARGET_NAME)";
				SWIFT_EMIT_LOC_STRINGS = YES;
				SWIFT_VERSION = 5.0;
				TARGETED_DEVICE_FAMILY = "1,2";
			};
			name = Release;
		};
		115331F12DD1FED800FDB13A /* Debug */ = {
			isa = XCBuildConfiguration;
			buildSettings = {
				BUNDLE_LOADER = "$(TEST_HOST)";
				CODE_SIGN_STYLE = Automatic;
				CURRENT_PROJECT_VERSION = 1;
				DEVELOPMENT_TEAM = JRPD8T9PB7;
				GENERATE_INFOPLIST_FILE = YES;
				IPHONEOS_DEPLOYMENT_TARGET = 18.4;
				MARKETING_VERSION = 1.0;
				PRODUCT_BUNDLE_IDENTIFIER = me.me.pocketWordsTests;
				PRODUCT_NAME = "$(TARGET_NAME)";
				SWIFT_EMIT_LOC_STRINGS = NO;
				SWIFT_VERSION = 5.0;
				TARGETED_DEVICE_FAMILY = "1,2";
				TEST_HOST = "$(BUILT_PRODUCTS_DIR)/pocketWords.app/$(BUNDLE_EXECUTABLE_FOLDER_PATH)/pocketWords";
			};
			name = Debug;
		};
		115331F22DD1FED800FDB13A /* Release */ = {
			isa = XCBuildConfiguration;
			buildSettings = {
				BUNDLE_LOADER = "$(TEST_HOST)";
				CODE_SIGN_STYLE = Automatic;
				CURRENT_PROJECT_VERSION = 1;
				DEVELOPMENT_TEAM = JRPD8T9PB7;
				GENERATE_INFOPLIST_FILE = YES;
				IPHONEOS_DEPLOYMENT_TARGET = 18.4;
				MARKETING_VERSION = 1.0;
				PRODUCT_BUNDLE_IDENTIFIER = me.me.pocketWordsTests;
				PRODUCT_NAME = "$(TARGET_NAME)";
				SWIFT_EMIT_LOC_STRINGS = NO;
				SWIFT_VERSION = 5.0;
				TARGETED_DEVICE_FAMILY = "1,2";
				TEST_HOST = "$(BUILT_PRODUCTS_DIR)/pocketWords.app/$(BUNDLE_EXECUTABLE_FOLDER_PATH)/pocketWords";
			};
			name = Release;
		};
		115331F42DD1FED800FDB13A /* Debug */ = {
			isa = XCBuildConfiguration;
			buildSettings = {
				CODE_SIGN_STYLE = Automatic;
				CURRENT_PROJECT_VERSION = 1;
				DEVELOPMENT_TEAM = JRPD8T9PB7;
				GENERATE_INFOPLIST_FILE = YES;
				MARKETING_VERSION = 1.0;
				PRODUCT_BUNDLE_IDENTIFIER = me.me.pocketWordsUITests;
				PRODUCT_NAME = "$(TARGET_NAME)";
				SWIFT_EMIT_LOC_STRINGS = NO;
				SWIFT_VERSION = 5.0;
				TARGETED_DEVICE_FAMILY = "1,2";
				TEST_TARGET_NAME = pocketWords;
			};
			name = Debug;
		};
		115331F52DD1FED800FDB13A /* Release */ = {
			isa = XCBuildConfiguration;
			buildSettings = {
				CODE_SIGN_STYLE = Automatic;
				CURRENT_PROJECT_VERSION = 1;
				DEVELOPMENT_TEAM = JRPD8T9PB7;
				GENERATE_INFOPLIST_FILE = YES;
				MARKETING_VERSION = 1.0;
				PRODUCT_BUNDLE_IDENTIFIER = me.me.pocketWordsUITests;
				PRODUCT_NAME = "$(TARGET_NAME)";
				SWIFT_EMIT_LOC_STRINGS = NO;
				SWIFT_VERSION = 5.0;
				TARGETED_DEVICE_FAMILY = "1,2";
				TEST_TARGET_NAME = pocketWords;
			};
			name = Release;
		};
/* End XCBuildConfiguration section */

/* Begin XCConfigurationList section */
		115331C72DD1FED400FDB13A /* Build configuration list for PBXProject "pocketWords" */ = {
			isa = XCConfigurationList;
			buildConfigurations = (
				115331EB2DD1FED800FDB13A /* Debug */,
				115331EC2DD1FED800FDB13A /* Release */,
			);
			defaultConfigurationIsVisible = 0;
			defaultConfigurationName = Release;
		};
		115331ED2DD1FED800FDB13A /* Build configuration list for PBXNativeTarget "pocketWords" */ = {
			isa = XCConfigurationList;
			buildConfigurations = (
				115331EE2DD1FED800FDB13A /* Debug */,
				115331EF2DD1FED800FDB13A /* Release */,
			);
			defaultConfigurationIsVisible = 0;
			defaultConfigurationName = Release;
		};
		115331F02DD1FED800FDB13A /* Build configuration list for PBXNativeTarget "pocketWordsTests" */ = {
			isa = XCConfigurationList;
			buildConfigurations = (
				115331F12DD1FED800FDB13A /* Debug */,
				115331F22DD1FED800FDB13A /* Release */,
			);
			defaultConfigurationIsVisible = 0;
			defaultConfigurationName = Release;
		};
		115331F32DD1FED800FDB13A /* Build configuration list for PBXNativeTarget "pocketWordsUITests" */ = {
			isa = XCConfigurationList;
			buildConfigurations = (
				115331F42DD1FED800FDB13A /* Debug */,
				115331F52DD1FED800FDB13A /* Release */,
			);
			defaultConfigurationIsVisible = 0;
			defaultConfigurationName = Release;
		};
/* End XCConfigurationList section */
	};
	rootObject = 115331C42DD1FED400FDB13A /* Project object */;
}
